{
  "name": "cointracker",
  "version": "0.1.0",
  "lockfileVersion": 1,
  "requires": true,
  "dependencies": {
    "@babel/code-frame": {
      "version": "7.14.5",
      "resolved": "https://registry.npmjs.org/@babel/code-frame/-/code-frame-7.14.5.tgz",
      "integrity": "sha512-9pzDqyc6OLDaqe+zbACgFkb6fKMNG6CObKpnYXChRsvYGyEdc7CA2BaqeOM+vOtCS5ndmJicPJhKAwYRI6UfFw==",
      "dev": true,
      "requires": {
        "@babel/highlight": "^7.14.5"
      }
    },
    "@babel/compat-data": {
      "version": "7.15.0",
      "resolved": "https://registry.npmjs.org/@babel/compat-data/-/compat-data-7.15.0.tgz",
      "integrity": "sha512-0NqAC1IJE0S0+lL1SWFMxMkz1pKCNCjI4tr2Zx4LJSXxCLAdr6KyArnY+sno5m3yH9g737ygOyPABDsnXkpxiA==",
      "dev": true
    },
    "@babel/core": {
      "version": "7.15.0",
      "resolved": "https://registry.npmjs.org/@babel/core/-/core-7.15.0.tgz",
      "integrity": "sha512-tXtmTminrze5HEUPn/a0JtOzzfp0nk+UEXQ/tqIJo3WDGypl/2OFQEMll/zSFU8f/lfmfLXvTaORHF3cfXIQMw==",
      "dev": true,
      "requires": {
        "@babel/code-frame": "^7.14.5",
        "@babel/generator": "^7.15.0",
        "@babel/helper-compilation-targets": "^7.15.0",
        "@babel/helper-module-transforms": "^7.15.0",
        "@babel/helpers": "^7.14.8",
        "@babel/parser": "^7.15.0",
        "@babel/template": "^7.14.5",
        "@babel/traverse": "^7.15.0",
        "@babel/types": "^7.15.0",
        "convert-source-map": "^1.7.0",
        "debug": "^4.1.0",
        "gensync": "^1.0.0-beta.2",
        "json5": "^2.1.2",
        "semver": "^6.3.0",
        "source-map": "^0.5.0"
      }
    },
    "@babel/generator": {
      "version": "7.15.0",
      "resolved": "https://registry.npmjs.org/@babel/generator/-/generator-7.15.0.tgz",
      "integrity": "sha512-eKl4XdMrbpYvuB505KTta4AV9g+wWzmVBW69tX0H2NwKVKd2YJbKgyK6M8j/rgLbmHOYJn6rUklV677nOyJrEQ==",
      "dev": true,
      "requires": {
        "@babel/types": "^7.15.0",
        "jsesc": "^2.5.1",
        "source-map": "^0.5.0"
      }
    },
    "@babel/helper-annotate-as-pure": {
      "version": "7.14.5",
      "resolved": "https://registry.npmjs.org/@babel/helper-annotate-as-pure/-/helper-annotate-as-pure-7.14.5.tgz",
      "integrity": "sha512-EivH9EgBIb+G8ij1B2jAwSH36WnGvkQSEC6CkX/6v6ZFlw5fVOHvsgGF4uiEHO2GzMvunZb6tDLQEQSdrdocrA==",
      "dev": true,
      "requires": {
        "@babel/types": "^7.14.5"
      }
    },
    "@babel/helper-builder-binary-assignment-operator-visitor": {
      "version": "7.14.5",
      "resolved": "https://registry.npmjs.org/@babel/helper-builder-binary-assignment-operator-visitor/-/helper-builder-binary-assignment-operator-visitor-7.14.5.tgz",
      "integrity": "sha512-YTA/Twn0vBXDVGJuAX6PwW7x5zQei1luDDo2Pl6q1qZ7hVNl0RZrhHCQG/ArGpR29Vl7ETiB8eJyrvpuRp300w==",
      "dev": true,
      "requires": {
        "@babel/helper-explode-assignable-expression": "^7.14.5",
        "@babel/types": "^7.14.5"
      }
    },
    "@babel/helper-compilation-targets": {
      "version": "7.15.0",
      "resolved": "https://registry.npmjs.org/@babel/helper-compilation-targets/-/helper-compilation-targets-7.15.0.tgz",
      "integrity": "sha5